{
  "name": "@airgap/angular-ngrx",
  "version": "0.0.33-beta.8",
  "lockfileVersion": 2,
  "requires": true,
  "packages": {
    "": {
      "name": "@airgap/angular-ngrx",
      "version": "0.0.33-beta.7",
      "dependencies": {
        "tslib": "^2.2.0"
      },
      "peerDependencies": {
        "@airgap/angular-core": "^0.0.28",
        "@airgap/coinlib-core": "0.13.7-beta.26",
        "@angular/common": "^11.2.9",
        "@angular/core": "^11.2.9",
        "@angular/platform-browser": "^11.2.9",
        "@angular/platform-browser-dynamic": "^11.2.9",
        "@ionic/core": "^5.6.4",
        "@ngrx/component": "^11.1.1",
        "@ngrx/component-store": "^11.1.1",
        "@ngrx/store": "^11.1.0",
        "rxjs": "^6.6.7",
        "zone.js": "^0.11.4"
      }
    },
    "node_modules/tslib": {
      "version": "2.3.1",
      "resolved": "https://registry.npmjs.org/tslib/-/tslib-2.3.1.tgz",
      "integrity": "sha512-77EbyPPpMz+FRFRuAFlWMtmgUWGe9UOG2Z25NqCwiIjRhOf5iKGuzSe5P2w1laq+FkRy4p+PCuVkJSGkzTEKVw=="
    }
  },
  "dependencies": {
    "tslib": {
      "version": "2.3.1",
      "resolved": "https://registry.npmjs.org/tslib/-/tslib-2.3.1.tgz",
      "integrity": "sha512-77EbyPPpMz+FRFRuAFlWMtmgUWGe9UOG2Z25NqCwiIjRhOf5iKGuzSe5P2w1laq+FkRy4p+PCuVkJSGkzTEKVw=="
    }
  }
}
