{
  "name": "@airgap/angular-core",
  "version": "0.0.35-beta.8",
  "lockfileVersion": 2,
  "requires": true,
  "packages": {
    "": {
      "name": "@airgap/angular-core",
      "version": "0.0.35-beta.8",
      "dependencies": {
        "tslib": "^2.2.0"
      },
      "peerDependencies": {
        "@airgap/aeternity": "^0.13.11-beta.3",
        "@airgap/astar": "^0.13.11-beta.3",
        "@airgap/bitcoin": "^0.13.11-beta.3",
        "@airgap/coinlib-core": "^0.13.11-beta.3",
        "@airgap/cosmos": "^0.13.11-beta.3",
        "@airgap/crypto": "^0.13.11-beta.3",
        "@airgap/ethereum": "^0.13.11-beta.3",
        "@airgap/groestlcoin": "^0.13.11-beta.3",
        "@airgap/icp": "^0.13.11-beta.3",
        "@airgap/module-kit": "^0.13.11-beta.3",
        "@airgap/moonbeam": "^0.13.11-beta.3",
        "@airgap/polkadot": "^0.13.11-beta.3",
        "@airgap/serializer": "^0.13.11-beta.3",
        "@airgap/substrate": "^0.13.11-beta.3",
        "@airgap/tezos": "^0.13.11-beta.3",
        "@angular/animations": "^11.2.9",
        "@angular/common": "^11.2.9",
        "@angular/core": "^11.2.9",
        "@angular/forms": "^11.2.9",
        "@angular/platform-browser": "^11.2.9",
        "@angular/platform-browser-dynamic": "^11.2.9",
        "@angular/router": "^11.2.9",
        "@capacitor/app": "^4.0.0",
        "@capacitor/app-launcher": "^4.0.0",
        "@capacitor/clipboard": "^4.0.0",
        "@capacitor/core": "^4.0.0",
        "@capacitor/filesystem": "^4.0.0",
        "@capacitor/splash-screen": "^4.0.0",
        "@capacitor/status-bar": "^4.0.0",
        "@download/blockies": "^1.0.3",
        "@ethereumjs/tx": "^3.4.0",
        "@ionic-native/core": "^5.32.0",
        "@ionic-native/diagnostic": "^5.32.0",
        "@ionic/angular": "^5.6.4",
        "@ionic/core": "^5.6.4",
        "@ionic/storage": "2.2.0",
        "@keystonehq/bc-ur-registry": "0.4.4",
        "@keystonehq/bc-ur-registry-eth": "0.7.5",
        "@ngraveio/bc-ur": "^1.1.3",
        "@ngx-translate/core": "^13.0.0",
        "angularx-qrcode": "^11.0.0",
        "axios": "^0.24.0",
        "bignumber.js": "^9.0.1",
        "bip32": "2.0.6",
        "bs58check": "^2.1.2",
        "moment": "^2.29.1",
        "myetherwallet-blockies": "^0.1.1",
        "ngx-moment": "^5.0.0",
        "rlp": "2.2.7",
        "rxjs": "^6.6.7",
        "uuid": "^8.3.2",
        "zone.js": "^0.11.4"
      }
    },
    "node_modules/tslib": {
      "version": "2.3.1",
      "resolved": "https://registry.npmjs.org/tslib/-/tslib-2.3.1.tgz",
      "integrity": "sha512-77EbyPPpMz+FRFRuAFlWMtmgUWGe9UOG2Z25NqCwiIjRhOf5iKGuzSe5P2w1laq+FkRy4p+PCuVkJSGkzTEKVw=="
    }
  },
  "dependencies": {
    "tslib": {
      "version": "2.3.1",
      "resolved": "https://registry.npmjs.org/tslib/-/tslib-2.3.1.tgz",
      "integrity": "sha512-77EbyPPpMz+FRFRuAFlWMtmgUWGe9UOG2Z25NqCwiIjRhOf5iKGuzSe5P2w1laq+FkRy4p+PCuVkJSGkzTEKVw=="
    }
  }
}
